// !$*UTF8*$!
{
	archiveVersion = 1;
	classes = {
	};
	objectVersion = 56;
	objects = {

/* Begin PBXBuildFile section */
		3F4746912B56AE5500CF7A2C /* MathBubbleModel.swift in Sources */ = {isa = PBXBuildFile; fileRef = 3F4746902B56AE5500CF7A2C /* MathBubbleModel.swift */; };
		3F4746932B56AE9000CF7A2C /* DifficultyLevel.swift in Sources */ = {isa = PBXBuildFile; fileRef = 3F4746922B56AE9000CF7A2C /* DifficultyLevel.swift */; };
		3F4746952B56AEB700CF7A2C /* Operations.swift in Sources */ = {isa = PBXBuildFile; fileRef = 3F4746942B56AEB700CF7A2C /* Operations.swift */; };
		3F4746972B56AF2F00CF7A2C /* BubbleModel.swift in Sources */ = {isa = PBXBuildFile; fileRef = 3F4746962B56AF2F00CF7A2C /* BubbleModel.swift */; };
		3F4746992B56B26F00CF7A2C /* MathBubbleViewModel.swift in Sources */ = {isa = PBXBuildFile; fileRef = 3F4746982B56B26F00CF7A2C /* MathBubbleViewModel.swift */; };
		3FA0A5962B4DA952009B11AB /* MathBubbleApp.swift in Sources */ = {isa = PBXBuildFile; fileRef = 3FA0A5952B4DA952009B11AB /* MathBubbleApp.swift */; };
		3FA0A5982B4DA952009B11AB /* ContentView.swift in Sources */ = {isa = PBXBuildFile; fileRef = 3FA0A5972B4DA952009B11AB /* ContentView.swift */; };
		3FA0A59A2B4DA953009B11AB /* Assets.xcassets in Resources */ = {isa = PBXBuildFile; fileRef = 3FA0A5992B4DA953009B11AB /* Assets.xcassets */; };
		3FA0A59D2B4DA953009B11AB /* Preview Assets.xcassets in Resources */ = {isa = PBXBuildFile; fileRef = 3FA0A59C2B4DA953009B11AB /* Preview Assets.xcassets */; };
		3FA0A5A72B4DA953009B11AB /* MathBubbleTests.swift in Sources */ = {isa = PBXBuildFile; fileRef = 3FA0A5A62B4DA953009B11AB /* MathBubbleTests.swift */; };
		3FA0A5B12B4DA953009B11AB /* MathBubbleUITests.swift in Sources */ = {isa = PBXBuildFile; fileRef = 3FA0A5B02B4DA953009B11AB /* MathBubbleUITests.swift */; };
		3FA0A5B32B4DA953009B11AB /* MathBubbleUITestsLaunchTests.swift in Sources */ = {isa = PBXBuildFile; fileRef = 3FA0A5B22B4DA953009B11AB /* MathBubbleUITestsLaunchTests.swift */; };
		3FA0A5C02B4DA9B7009B11AB /* Bubble.swift in Sources */ = {isa = PBXBuildFile; fileRef = 3FA0A5BF2B4DA9B7009B11AB /* Bubble.swift */; };
		3FA0A5C22B4DAD70009B11AB /* NumberPad.swift in Sources */ = {isa = PBXBuildFile; fileRef = 3FA0A5C12B4DAD70009B11AB /* NumberPad.swift */; };
/* End PBXBuildFile section */

/* Begin PBXContainerItemProxy section */
		3FA0A5A32B4DA953009B11AB /* PBXContainerItemProxy */ = {
			isa = PBXContainerItemProxy;
			containerPortal = 3FA0A58A2B4DA952009B11AB /* Project object */;
			proxyType = 1;
			remoteGlobalIDString = 3FA0A5912B4DA952009B11AB;
			remoteInfo = MathBubble;
		};
		3FA0A5AD2B4DA953009B11AB /* PBXContainerItemProxy */ = {
			isa = PBXContainerItemProxy;
			containerPortal = 3FA0A58A2B4DA952009B11AB /* Project object */;
			proxyType = 1;
			remoteGlobalIDString = 3FA0A5912B4DA952009B11AB;
			remoteInfo = MathBubble;
		};
/* End PBXContainerItemProxy section */

/* Begin PBXFileReference section */
		3F4746902B56AE5500CF7A2C /* MathBubbleModel.swift */ = {isa = PBXFileReference; lastKnownFileType = sourcecode.swift; path = MathBubbleModel.swift; sourceTree = "<group>"; };
		3F4746922B56AE9000CF7A2C /* DifficultyLevel.swift */ = {isa = PBXFileReference; lastKnownFileType = sourcecode.swift; path = DifficultyLevel.swift; sourceTree = "<group>"; };
		3F4746942B56AEB700CF7A2C /* Operations.swift */ = {isa = PBXFileReference; lastKnownFileType = sourcecode.swift; path = Operations.swift; sourceTree = "<group>"; };
		3F4746962B56AF2F00CF7A2C /* BubbleModel.swift */ = {isa = PBXFileReference; lastKnownFileType = sourcecode.swift; path = BubbleModel.swift; sourceTree = "<group>"; };
		3F4746982B56B26F00CF7A2C /* MathBubbleViewModel.swift */ = {isa = PBXFileReference; lastKnownFileType = sourcecode.swift; path = MathBubbleViewModel.swift; sourceTree = "<group>"; };
		3FA0A5922B4DA952009B11AB /* MathBubble.app */ = {isa = PBXFileReference; explicitFileType = wrapper.application; includeInIndex = 0; path = MathBubble.app; sourceTree = BUILT_PRODUCTS_DIR; };
		3FA0A5952B4DA952009B11AB /* MathBubbleApp.swift */ = {isa = PBXFileReference; lastKnownFileType = sourcecode.swift; path = MathBubbleApp.swift; sourceTree = "<group>"; };
		3FA0A5972B4DA952009B11AB /* ContentView.swift */ = {isa = PBXFileReference; lastKnownFileType = sourcecode.swift; path = ContentView.swift; sourceTree = "<group>"; };
		3FA0A5992B4DA953009B11AB /* Assets.xcassets */ = {isa = PBXFileReference; lastKnownFileType = folder.assetcatalog; path = Assets.xcassets; sourceTree = "<group>"; };
		3FA0A59C2B4DA953009B11AB /* Preview Assets.xcassets */ = {isa = PBXFileReference; lastKnownFileType = folder.assetcatalog; path = "Preview Assets.xcassets"; sourceTree = "<group>"; };
		3FA0A5A22B4DA953009B11AB /* MathBubbleTests.xctest */ = {isa = PBXFileReference; explicitFileType = wrapper.cfbundle; includeInIndex = 0; path = MathBubbleTests.xctest; sourceTree = BUILT_PRODUCTS_DIR; };
		3FA0A5A62B4DA953009B11AB /* MathBubbleTests.swift */ = {isa = PBXFileReference; lastKnownFileType = sourcecode.swift; path = MathBubbleTests.swift; sourceTree = "<group>"; };
		3FA0A5AC2B4DA953009B11AB /* MathBubbleUITests.xctest */ = {isa = PBXFileReference; explicitFileType = wrapper.cfbundle; includeInIndex = 0; path = MathBubbleUITests.xctest; sourceTree = BUILT_PRODUCTS_DIR; };
		3FA0A5B02B4DA953009B11AB /* MathBubbleUITests.swift */ = {isa = PBXFileReference; lastKnownFileType = sourcecode.swift; path = MathBubbleUITests.swift; sourceTree = "<group>"; };
		3FA0A5B22B4DA953009B11AB /* MathBubbleUITestsLaunchTests.swift */ = {isa = PBXFileReference; lastKnownFileType = sourcecode.swift; path = MathBubbleUITestsLaunchTests.swift; sourceTree = "<group>"; };
		3FA0A5BF2B4DA9B7009B11AB /* Bubble.swift */ = {isa = PBXFileReference; lastKnownFileType = sourcecode.swift; path = Bubble.swift; sourceTree = "<group>"; };
		3FA0A5C12B4DAD70009B11AB /* NumberPad.swift */ = {isa = PBXFileReference; lastKnownFileType = sourcecode.swift; path = NumberPad.swift; sourceTree = "<group>"; };
/* End PBXFileReference section */

/* Begin PBXFrameworksBuildPhase section */
		3FA0A58F2B4DA952009B11AB /* Frameworks */ = {
			isa = PBXFrameworksBuildPhase;
			buildActionMask = 2147483647;
			files = (
			);
			runOnlyForDeploymentPostprocessing = 0;
		};
		3FA0A59F2B4DA953009B11AB /* Frameworks */ = {
			isa = PBXFrameworksBuildPhase;
			buildActionMask = 2147483647;
			files = (
			);
			runOnlyForDeploymentPostprocessing = 0;
		};
		3FA0A5A92B4DA953009B11AB /* Frameworks */ = {
			isa = PBXFrameworksBuildPhase;
			buildActionMask = 2147483647;
			files = (
			);
			runOnlyForDeploymentPostprocessing = 0;
		};
/* End PBXFrameworksBuildPhase section */

/* Begin PBXGroup section */
		3FA0A5892B4DA952009B11AB = {
			isa = PBXGroup;
			children = (
				3FA0A5C12B4DAD70009B11AB /* NumberPad.swift */,
				3F4746902B56AE5500CF7A2C /* MathBubbleModel.swift */,
				3F4746982B56B26F00CF7A2C /* MathBubbleViewModel.swift */,
				3F4746922B56AE9000CF7A2C /* DifficultyLevel.swift */,
				3F4746962B56AF2F00CF7A2C /* BubbleModel.swift */,
				3F4746942B56AEB700CF7A2C /* Operations.swift */,
				3FA0A5BF2B4DA9B7009B11AB /* Bubble.swift */,
				3FA0A5942B4DA952009B11AB /* MathBubble */,
				3FA0A5A52B4DA953009B11AB /* MathBubbleTests */,
				3FA0A5AF2B4DA953009B11AB /* MathBubbleUITests */,
				3FA0A5932B4DA952009B11AB /* Products */,
			);
			sourceTree = "<group>";
		};
		3FA0A5932B4DA952009B11AB /* Products */ = {
			isa = PBXGroup;
			children = (
				3FA0A5922B4DA952009B11AB /* MathBubble.app */,
				3FA0A5A22B4DA953009B11AB /* MathBubbleTests.xctest */,
				3FA0A5AC2B4DA953009B11AB /* MathBubbleUITests.xctest */,
			);
			name = Products;
			sourceTree = "<group>";
		};
		3FA0A5942B4DA952009B11AB /* MathBubble */ = {
			isa = PBXGroup;
			children = (
				3FA0A5952B4DA952009B11AB /* MathBubbleApp.swift */,
				3FA0A5972B4DA952009B11AB /* ContentView.swift */,
				3FA0A5992B4DA953009B11AB /* Assets.xcassets */,
				3FA0A59B2B4DA953009B11AB /* Preview Content */,
			);
			path = MathBubble;
			sourceTree = "<group>";
		};
		3FA0A59B2B4DA953009B11AB /* Preview Content */ = {
			isa = PBXGroup;
			children = (
				3FA0A59C2B4DA953009B11AB /* Preview Assets.xcassets */,
			);
			path = "Preview Content";
			sourceTree = "<group>";
		};
		3FA0A5A52B4DA953009B11AB /* MathBubbleTests */ = {
			isa = PBXGroup;
			children = (
				3FA0A5A62B4DA953009B11AB /* MathBubbleTests.swift */,
			);
			path = MathBubbleTests;
			sourceTree = "<group>";
		};
		3FA0A5AF2B4DA953009B11AB /* MathBubbleUITests */ = {
			isa = PBXGroup;
			children = (
				3FA0A5B02B4DA953009B11AB /* MathBubbleUITests.swift */,
				3FA0A5B22B4DA953009B11AB /* MathBubbleUITestsLaunchTests.swift */,
			);
			path = MathBubbleUITests;
			sourceTree = "<group>";
		};
/* End PBXGroup section */

/* Begin PBXNativeTarget section */
		3FA0A5912B4DA952009B11AB /* MathBubble */ = {
			isa = PBXNativeTarget;
			buildConfigurationList = 3FA0A5B62B4DA953009B11AB /* Build configuration list for PBXNativeTarget "MathBubble" */;
			buildPhases = (
				3FA0A58E2B4DA952009B11AB /* Sources */,
				3FA0A58F2B4DA952009B11AB /* Frameworks */,
				3FA0A5902B4DA952009B11AB /* Resources */,
			);
			buildRules = (
			);
			dependencies = (
			);
			name = MathBubble;
			productName = MathBubble;
			productReference = 3FA0A5922B4DA952009B11AB /* MathBubble.app */;
			productType = "com.apple.product-type.application";
		};
		3FA0A5A12B4DA953009B11AB /* MathBubbleTests */ = {
			isa = PBXNativeTarget;
			buildConfigurationList = 3FA0A5B92B4DA953009B11AB /* Build configuration list for PBXNativeTarget "MathBubbleTests" */;
			buildPhases = (
				3FA0A59E2B4DA953009B11AB /* Sources */,
				3FA0A59F2B4DA953009B11AB /* Frameworks */,
				3FA0A5A02B4DA953009B11AB /* Resources */,
			);
			buildRules = (
			);
			dependencies = (
				3FA0A5A42B4DA953009B11AB /* PBXTargetDependency */,
			);
			name = MathBubbleTests;
			productName = MathBubbleTests;
			productReference = 3FA0A5A22B4DA953009B11AB /* MathBubbleTests.xctest */;
			productType = "com.apple.product-type.bundle.unit-test";
		};
		3FA0A5AB2B4DA953009B11AB /* MathBubbleUITests */ = {
			isa = PBXNativeTarget;
			buildConfigurationList = 3FA0A5BC2B4DA953009B11AB /* Build configuration list for PBXNativeTarget "MathBubbleUITests" */;
			buildPhases = (
				3FA0A5A82B4DA953009B11AB /* Sources */,
				3FA0A5A92B4DA953009B11AB /* Frameworks */,
				3FA0A5AA2B4DA953009B11AB /* Resources */,
			);
			buildRules = (
			);
			dependencies = (
				3FA0A5AE2B4DA953009B11AB /* PBXTargetDependency */,
			);
			name = MathBubbleUITests;
			productName = MathBubbleUITests;
			productReference = 3FA0A5AC2B4DA953009B11AB /* MathBubbleUITests.xctest */;
			productType = "com.apple.product-type.bundle.ui-testing";
		};
/* End PBXNativeTarget section */

/* Begin PBXProject section */
		3FA0A58A2B4DA952009B11AB /* Project object */ = {
			isa = PBXProject;
			attributes = {
				BuildIndependentTargetsInParallel = 1;
				LastSwiftUpdateCheck = 1500;
				LastUpgradeCheck = 1500;
				TargetAttributes = {
					3FA0A5912B4DA952009B11AB = {
						CreatedOnToolsVersion = 15.0;
					};
					3FA0A5A12B4DA953009B11AB = {
						CreatedOnToolsVersion = 15.0;
						TestTargetID = 3FA0A5912B4DA952009B11AB;
					};
					3FA0A5AB2B4DA953009B11AB = {
						CreatedOnToolsVersion = 15.0;
						TestTargetID = 3FA0A5912B4DA952009B11AB;
					};
				};
			};
			buildConfigurationList = 3FA0A58D2B4DA952009B11AB /* Build configuration list for PBXProject "MathBubble" */;
			compatibilityVersion = "Xcode 14.0";
			developmentRegion = en;
			hasScannedForEncodings = 0;
			knownRegions = (
				en,
				Base,
			);
			mainGroup = 3FA0A5892B4DA952009B11AB;
			productRefGroup = 3FA0A5932B4DA952009B11AB /* Products */;
			projectDirPath = "";
			projectRoot = "";
			targets = (
				3FA0A5912B4DA952009B11AB /* MathBubble */,
				3FA0A5A12B4DA953009B11AB /* MathBubbleTests */,
				3FA0A5AB2B4DA953009B11AB /* MathBubbleUITests */,
			);
		};
/* End PBXProject section */

/* Begin PBXResourcesBuildPhase section */
		3FA0A5902B4DA952009B11AB /* Resources */ = {
			isa = PBXResourcesBuildPhase;
			buildActionMask = 2147483647;
			files = (
				3FA0A59D2B4DA953009B11AB /* Preview Assets.xcassets in Resources */,
				3FA0A59A2B4DA953009B11AB /* Assets.xcassets in Resources */,
			);
			runOnlyForDeploymentPostprocessing = 0;
		};
		3FA0A5A02B4DA953009B11AB /* Resources */ = {
			isa = PBXResourcesBuildPhase;
			buildActionMask = 2147483647;
			files = (
			);
			runOnlyForDeploymentPostprocessing = 0;
		};
		3FA0A5AA2B4DA953009B11AB /* Resources */ = {
			isa = PBXResourcesBuildPhase;
			buildActionMask = 2147483647;
			files = (
			);
			runOnlyForDeploymentPostprocessing = 0;
		};
/* End PBXResourcesBuildPhase section */

/* Begin PBXSourcesBuildPhase section */
		3FA0A58E2B4DA952009B11AB /* Sources */ = {
			isa = PBXSourcesBuildPhase;
			buildActionMask = 2147483647;
			files = (
				3FA0A5C22B4DAD70009B11AB /* NumberPad.swift in Sources */,
				3F4746992B56B26F00CF7A2C /* MathBubbleViewModel.swift in Sources */,
				3F4746972B56AF2F00CF7A2C /* BubbleModel.swift in Sources */,
				3F4746912B56AE5500CF7A2C /* MathBubbleModel.swift in Sources */,
				3FA0A5982B4DA952009B11AB /* ContentView.swift in Sources */,
				3F4746952B56AEB700CF7A2C /* Operations.swift in Sources */,
				3F4746932B56AE9000CF7A2C /* DifficultyLevel.swift in Sources */,
				3FA0A5C02B4DA9B7009B11AB /* Bubble.swift in Sources */,
				3FA0A5962B4DA952009B11AB /* MathBubbleApp.swift in Sources */,
			);
			runOnlyForDeploymentPostprocessing = 0;
		};
		3FA0A59E2B4DA953009B11AB /* Sources */ = {
			isa = PBXSourcesBuildPhase;
			buildActionMask = 2147483647;
			files = (
				3FA0A5A72B4DA953009B11AB /* MathBubbleTests.swift in Sources */,
			);
			runOnlyForDeploymentPostprocessing = 0;
		};
		3FA0A5A82B4DA953009B11AB /* Sources */ = {
			isa = PBXSourcesBuildPhase;
			buildActionMask = 2147483647;
			files = (
				3FA0A5B32B4DA953009B11AB /* MathBubbleUITestsLaunchTests.swift in Sources */,
				3FA0A5B12B4DA953009B11AB /* MathBubbleUITests.swift in Sources */,
			);
			runOnlyForDeploymentPostprocessing = 0;
		};
/* End PBXSourcesBuildPhase section */

/* Begin PBXTargetDependency section */
		3FA0A5A42B4DA953009B11AB /* PBXTargetDependency */ = {
			isa = PBXTargetDependency;
			target = 3FA0A5912B4DA952009B11AB /* MathBubble */;
			targetProxy = 3FA0A5A32B4DA953009B11AB /* PBXContainerItemProxy */;
		};
		3FA0A5AE2B4DA953009B11AB /* PBXTargetDependency */ = {
			isa = PBXTargetDependency;
			target = 3FA0A5912B4DA952009B11AB /* MathBubble */;
			targetProxy = 3FA0A5AD2B4DA953009B11AB /* PBXContainerItemProxy */;
		};
/* End PBXTargetDependency section */

/* Begin XCBuildConfiguration section */
		3FA0A5B42B4DA953009B11AB /* Debug */ = {
			isa = XCBuildConfiguration;
			buildSettings = {
				ALWAYS_SEARCH_USER_PATHS = NO;
				ASSETCATALOG_COMPILER_GENERATE_SWIFT_ASSET_SYMBOL_EXTENSIONS = YES;
				CLANG_ANALYZER_NONNULL = YES;
				CLANG_ANALYZER_NUMBER_OBJECT_CONVERSION = YES_AGGRESSIVE;
				CLANG_CXX_LANGUAGE_STANDARD = "gnu++20";
				CLANG_ENABLE_MODULES = YES;
				CLANG_ENABLE_OBJC_ARC = YES;
				CLANG_ENABLE_OBJC_WEAK = YES;
				CLANG_WARN_BLOCK_CAPTURE_AUTORELEASING = YES;
				CLANG_WARN_BOOL_CONVERSION = YES;
				CLANG_WARN_COMMA = YES;
				CLANG_WARN_CONSTANT_CONVERSION = YES;
				CLANG_WARN_DEPRECATED_OBJC_IMPLEMENTATIONS = YES;
				CLANG_WARN_DIRECT_OBJC_ISA_USAGE = YES_ERROR;
				CLANG_WARN_DOCUMENTATION_COMMENTS = YES;
				CLANG_WARN_EMPTY_BODY = YES;
				CLANG_WARN_ENUM_CONVERSION = YES;
				CLANG_WARN_INFINITE_RECURSION = YES;
				CLANG_WARN_INT_CONVERSION = YES;
				CLANG_WARN_NON_LITERAL_NULL_CONVERSION = YES;
				CLANG_WARN_OBJC_IMPLICIT_RETAIN_SELF = YES;
				CLANG_WARN_OBJC_LITERAL_CONVERSION = YES;
				CLANG_WARN_OBJC_ROOT_CLASS = YES_ERROR;
				CLANG_WARN_QUOTED_INCLUDE_IN_FRAMEWORK_HEADER = YES;
				CLANG_WARN_RANGE_LOOP_ANALYSIS = YES;
				CLANG_WARN_STRICT_PROTOTYPES = YES;
				CLANG_WARN_SUSPICIOUS_MOVE = YES;
				CLANG_WARN_UNGUARDED_AVAILABILITY = YES_AGGRESSIVE;
				CLANG_WARN_UNREACHABLE_CODE = YES;
				CLANG_WARN__DUPLICATE_METHOD_MATCH = YES;
				COPY_PHASE_STRIP = NO;
				DEBUG_INFORMATION_FORMAT = dwarf;
				ENABLE_STRICT_OBJC_MSGSEND = YES;
				ENABLE_TESTABILITY = YES;
				ENABLE_USER_SCRIPT_SANDBOXING = YES;
				GCC_C_LANGUAGE_STANDARD = gnu17;
				GCC_DYNAMIC_NO_PIC = NO;
				GCC_NO_COMMON_BLOCKS = YES;
				GCC_OPTIMIZATION_LEVEL = 0;
				GCC_PREPROCESSOR_DEFINITIONS = (
					"DEBUG=1",
					"$(inherited)",
				);
				GCC_WARN_64_TO_32_BIT_CONVERSION = YES;
				GCC_WARN_ABOUT_RETURN_TYPE = YES_ERROR;
				GCC_WARN_UNDECLARED_SELECTOR = YES;
				GCC_WARN_UNINITIALIZED_AUTOS = YES_AGGRESSIVE;
				GCC_WARN_UNUSED_FUNCTION = YES;
				GCC_WARN_UNUSED_VARIABLE = YES;
				IPHONEOS_DEPLOYMENT_TARGET = 17.0;
				LOCALIZATION_PREFERS_STRING_CATALOGS = YES;
				MTL_ENABLE_DEBUG_INFO = INCLUDE_SOURCE;
				MTL_FAST_MATH = YES;
				ONLY_ACTIVE_ARCH = YES;
				SDKROOT = iphoneos;
				SWIFT_ACTIVE_COMPILATION_CONDITIONS = "DEBUG $(inherited)";
				SWIFT_OPTIMIZATION_LEVEL = "-Onone";
			};
			name = Debug;
		};
		3FA0A5B52B4DA953009B11AB /* Release */ = {
			isa = XCBuildConfiguration;
			buildSettings = {
				ALWAYS_SEARCH_USER_PATHS = NO;
				ASSETCATALOG_COMPILER_GENERATE_SWIFT_ASSET_SYMBOL_EXTENSIONS = YES;
				CLANG_ANALYZER_NONNULL = YES;
				CLANG_ANALYZER_NUMBER_OBJECT_CONVERSION = YES_AGGRESSIVE;
				CLANG_CXX_LANGUAGE_STANDARD = "gnu++20";
				CLANG_ENABLE_MODULES = YES;
				CLANG_ENABLE_OBJC_ARC = YES;
				CLANG_ENABLE_OBJC_WEAK = YES;
				CLANG_WARN_BLOCK_CAPTURE_AUTORELEASING = YES;
				CLANG_WARN_BOOL_CONVERSION = YES;
				CLANG_WARN_COMMA = YES;
				CLANG_WARN_CONSTANT_CONVERSION = YES;
				CLANG_WARN_DEPRECATED_OBJC_IMPLEMENTATIONS = YES;
				CLANG_WARN_DIRECT_OBJC_ISA_USAGE = YES_ERROR;
				CLANG_WARN_DOCUMENTATION_COMMENTS = YES;
				CLANG_WARN_EMPTY_BODY = YES;
				CLANG_WARN_ENUM_CONVERSION = YES;
				CLANG_WARN_INFINITE_RECURSION = YES;
				CLANG_WARN_INT_CONVERSION = YES;
				CLANG_WARN_NON_LITERAL_NULL_CONVERSION = YES;
				CLANG_WARN_OBJC_IMPLICIT_RETAIN_SELF = YES;
				CLANG_WARN_OBJC_LITERAL_CONVERSION = YES;
				CLANG_WARN_OBJC_ROOT_CLASS = YES_ERROR;
				CLANG_WARN_QUOTED_INCLUDE_IN_FRAMEWORK_HEADER = YES;
				CLANG_WARN_RANGE_LOOP_ANALYSIS = YES;
				CLANG_WARN_STRICT_PROTOTYPES = YES;
				CLANG_WARN_SUSPICIOUS_MOVE = YES;
				CLANG_WARN_UNGUARDED_AVAILABILITY = YES_AGGRESSIVE;
				CLANG_WARN_UNREACHABLE_CODE = YES;
				CLANG_WARN__DUPLICATE_METHOD_MATCH = YES;
				COPY_PHASE_STRIP = NO;
				DEBUG_INFORMATION_FORMAT = "dwarf-with-dsym";
				ENABLE_NS_ASSERTIONS = NO;
				ENABLE_STRICT_OBJC_MSGSEND = YES;
				ENABLE_USER_SCRIPT_SANDBOXING = YES;
				GCC_C_LANGUAGE_STANDARD = gnu17;
				GCC_NO_COMMON_BLOCKS = YES;
				GCC_WARN_64_TO_32_BIT_CONVERSION = YES;
				GCC_WARN_ABOUT_RETURN_TYPE = YES_ERROR;
				GCC_WARN_UNDECLARED_SELECTOR = YES;
				GCC_WARN_UNINITIALIZED_AUTOS = YES_AGGRESSIVE;
				GCC_WARN_UNUSED_FUNCTION = YES;
				GCC_WARN_UNUSED_VARIABLE = YES;
				IPHONEOS_DEPLOYMENT_TARGET = 17.0;
				LOCALIZATION_PREFERS_STRING_CATALOGS = YES;
				MTL_ENABLE_DEBUG_INFO = NO;
				MTL_FAST_MATH = YES;
				SDKROOT = iphoneos;
				SWIFT_COMPILATION_MODE = wholemodule;
				VALIDATE_PRODUCT = YES;
			};
			name = Release;
		};
		3FA0A5B72B4DA953009B11AB /* Debug */ = {
			isa = XCBuildConfiguration;
			buildSettings = {
				ASSETCATALOG_COMPILER_APPICON_NAME = AppIcon;
				ASSETCATALOG_COMPILER_GLOBAL_ACCENT_COLOR_NAME = AccentColor;
				CODE_SIGN_STYLE = Automatic;
				CURRENT_PROJECT_VERSION = 1;
				DEVELOPMENT_ASSET_PATHS = "\"MathBubble/Preview Content\"";
				ENABLE_PREVIEWS = YES;
				GENERATE_INFOPLIST_FILE = YES;
				INFOPLIST_KEY_UIApplicationSceneManifest_Generation = YES;
				INFOPLIST_KEY_UIApplicationSupportsIndirectInputEvents = YES;
				INFOPLIST_KEY_UILaunchScreen_Generation = YES;
				INFOPLIST_KEY_UISupportedInterfaceOrientations_iPad = "UIInterfaceOrientationPortrait UIInterfaceOrientationPortraitUpsideDown UIInterfaceOrientationLandscapeLeft UIInterfaceOrientationLandscapeRight";
				INFOPLIST_KEY_UISupportedInterfaceOrientations_iPhone = "UIInterfaceOrientationPortrait UIInterfaceOrientationLandscapeLeft UIInterfaceOrientationLandscapeRight";
				LD_RUNPATH_SEARCH_PATHS = (
					"$(inherited)",
					"@executable_path/Frameworks",
				);
				MARKETING_VERSION = 1.0;
				PRODUCT_BUNDLE_IDENTIFIER = LUT.MathBubble;
				PRODUCT_NAME = "$(TARGET_NAME)";
				SWIFT_EMIT_LOC_STRINGS = YES;
				SWIFT_VERSION = 5.0;
				TARGETED_DEVICE_FAMILY = "1,2";
			};
			name = Debug;
		};
		3FA0A5B82B4DA953009B11AB /* Release */ = {
			isa = XCBuildConfiguration;
			buildSettings = {
				ASSETCATALOG_COMPILER_APPICON_NAME = AppIcon;
				ASSETCATALOG_COMPILER_GLOBAL_ACCENT_COLOR_NAME = AccentColor;
				CODE_SIGN_STYLE = Automatic;
				CURRENT_PROJECT_VERSION = 1;
				DEVELOPMENT_ASSET_PATHS = "\"MathBubble/Preview Content\"";
				ENABLE_PREVIEWS = YES;
				GENERATE_INFOPLIST_FILE = YES;
				INFOPLIST_KEY_UIApplicationSceneManifest_Generation = YES;
				INFOPLIST_KEY_UIApplicationSupportsIndirectInputEvents = YES;
				INFOPLIST_KEY_UILaunchScreen_Generation = YES;
				INFOPLIST_KEY_UISupportedInterfaceOrientations_iPad = "UIInterfaceOrientationPortrait UIInterfaceOrientationPortraitUpsideDown UIInterfaceOrientationLandscapeLeft UIInterfaceOrientationLandscapeRight";
				INFOPLIST_KEY_UISupportedInterfaceOrientations_iPhone = "UIInterfaceOrientationPortrait UIInterfaceOrientationLandscapeLeft UIInterfaceOrientationLandscapeRight";
				LD_RUNPATH_SEARCH_PATHS = (
					"$(inherited)",
					"@executable_path/Frameworks",
				);
				MARKETING_VERSION = 1.0;
				PRODUCT_BUNDLE_IDENTIFIER = LUT.MathBubble;
				PRODUCT_NAME = "$(TARGET_NAME)";
				SWIFT_EMIT_LOC_STRINGS = YES;
				SWIFT_VERSION = 5.0;
				TARGETED_DEVICE_FAMILY = "1,2";
			};
			name = Release;
		};
		3FA0A5BA2B4DA953009B11AB /* Debug */ = {
			isa = XCBuildConfiguration;
			buildSettings = {
				ALWAYS_EMBED_SWIFT_STANDARD_LIBRARIES = YES;
				BUNDLE_LOADER = "$(TEST_HOST)";
				CODE_SIGN_STYLE = Automatic;
				CURRENT_PROJECT_VERSION = 1;
				GENERATE_INFOPLIST_FILE = YES;
				IPHONEOS_DEPLOYMENT_TARGET = 17.0;
				MARKETING_VERSION = 1.0;
				PRODUCT_BUNDLE_IDENTIFIER = LUT.MathBubbleTests;
				PRODUCT_NAME = "$(TARGET_NAME)";
				SWIFT_EMIT_LOC_STRINGS = NO;
				SWIFT_VERSION = 5.0;
				TARGETED_DEVICE_FAMILY = "1,2";
				TEST_HOST = "$(BUILT_PRODUCTS_DIR)/MathBubble.app/$(BUNDLE_EXECUTABLE_FOLDER_PATH)/MathBubble";
			};
			name = Debug;
		};
		3FA0A5BB2B4DA953009B11AB /* Release */ = {
			isa = XCBuildConfiguration;
			buildSettings = {
				ALWAYS_EMBED_SWIFT_STANDARD_LIBRARIES = YES;
				BUNDLE_LOADER = "$(TEST_HOST)";
				CODE_SIGN_STYLE = Automatic;
				CURRENT_PROJECT_VERSION = 1;
				GENERATE_INFOPLIST_FILE = YES;
				IPHONEOS_DEPLOYMENT_TARGET = 17.0;
				MARKETING_VERSION = 1.0;
				PRODUCT_BUNDLE_IDENTIFIER = LUT.MathBubbleTests;
				PRODUCT_NAME = "$(TARGET_NAME)";
				SWIFT_EMIT_LOC_STRINGS = NO;
				SWIFT_VERSION = 5.0;
				TARGETED_DEVICE_FAMILY = "1,2";
				TEST_HOST = "$(BUILT_PRODUCTS_DIR)/MathBubble.app/$(BUNDLE_EXECUTABLE_FOLDER_PATH)/MathBubble";
			};
			name = Release;
		};
		3FA0A5BD2B4DA953009B11AB /* Debug */ = {
			isa = XCBuildConfiguration;
			buildSettings = {
				ALWAYS_EMBED_SWIFT_STANDARD_LIBRARIES = YES;
				CODE_SIGN_STYLE = Automatic;
				CURRENT_PROJECT_VERSION = 1;
				GENERATE_INFOPLIST_FILE = YES;
				MARKETING_VERSION = 1.0;
				PRODUCT_BUNDLE_IDENTIFIER = LUT.MathBubbleUITests;
				PRODUCT_NAME = "$(TARGET_NAME)";
				SWIFT_EMIT_LOC_STRINGS = NO;
				SWIFT_VERSION = 5.0;
				TARGETED_DEVICE_FAMILY = "1,2";
				TEST_TARGET_NAME = MathBubble;
			};
			name = Debug;
		};
		3FA0A5BE2B4DA953009B11AB /* Release */ = {
			isa = XCBuildConfiguration;
			buildSettings = {
				ALWAYS_EMBED_SWIFT_STANDARD_LIBRARIES = YES;
				CODE_SIGN_STYLE = Automatic;
				CURRENT_PROJECT_VERSION = 1;
				GENERATE_INFOPLIST_FILE = YES;
				MARKETING_VERSION = 1.0;
				PRODUCT_BUNDLE_IDENTIFIER = LUT.MathBubbleUITests;
				PRODUCT_NAME = "$(TARGET_NAME)";
				SWIFT_EMIT_LOC_STRINGS = NO;
				SWIFT_VERSION = 5.0;
				TARGETED_DEVICE_FAMILY = "1,2";
				TEST_TARGET_NAME = MathBubble;
			};
			name = Release;
		};
/* End XCBuildConfiguration section */

/* Begin XCConfigurationList section */
		3FA0A58D2B4DA952009B11AB /* Build configuration list for PBXProject "MathBubble" */ = {
			isa = XCConfigurationList;
			buildConfigurations = (
				3FA0A5B42B4DA953009B11AB /* Debug */,
				3FA0A5B52B4DA953009B11AB /* Release */,
			);
			defaultConfigurationIsVisible = 0;
			defaultConfigurationName = Release;
		};
		3FA0A5B62B4DA953009B11AB /* Build configuration list for PBXNativeTarget "MathBubble" */ = {
			isa = XCConfigurationList;
			buildConfigurations = (
				3FA0A5B72B4DA953009B11AB /* Debug */,
				3FA0A5B82B4DA953009B11AB /* Release */,
			);
			defaultConfigurationIsVisible = 0;
			defaultConfigurationName = Release;
		};
		3FA0A5B92B4DA953009B11AB /* Build configuration list for PBXNativeTarget "MathBubbleTests" */ = {
			isa = XCConfigurationList;
			buildConfigurations = (
				3FA0A5BA2B4DA953009B11AB /* Debug */,
				3FA0A5BB2B4DA953009B11AB /* Release */,
			);
			defaultConfigurationIsVisible = 0;
			defaultConfigurationName = Release;
		};
		3FA0A5BC2B4DA953009B11AB /* Build configuration list for PBXNativeTarget "MathBubbleUITests" */ = {
			isa = XCConfigurationList;
			buildConfigurations = (
				3FA0A5BD2B4DA953009B11AB /* Debug */,
				3FA0A5BE2B4DA953009B11AB /* Release */,
			);
			defaultConfigurationIsVisible = 0;
			defaultConfigurationName = Release;
		};
/* End XCConfigurationList section */
	};
	rootObject = 3FA0A58A2B4DA952009B11AB /* Project object */;
}
